
Microsoft Visual Studio Solution File, Format Version 12.00
# Visual Studio 14
VisualStudioVersion = 14.0.23107.0
MinimumVisualStudioVersion = 10.0.40219.1
Project("{FAE04EC0-301F-11D3-BF4B-00C04F79EFBC}") = "Klient", "Klient\Klient.csproj", "{319DDC94-1704-42B5-8E8E-0CD3A2BA2DD0}"
EndProject
Project("{FAE04EC0-301F-11D3-BF4B-00C04F79EFBC}") = "Serwer", "Serwer\Serwer.csproj", "{487BBC95-D4C2-4E27-8CA1-813E00677B8D}"
EndProject
Global
	GlobalSection(SolutionConfigurationPlatforms) = preSolution
		Debug|Any CPU = Debug|Any CPU
		Release|Any CPU = Release|Any CPU
	EndGlobalSection
	GlobalSection(ProjectConfigurationPlatforms) = postSolution
		{319DDC94-1704-42B5-8E8E-0CD3A2BA2DD0}.Debug|Any CPU.ActiveCfg = Debug|Any CPU
		{319DDC94-1704-42B5-8E8E-0CD3A2BA2DD0}.Debug|Any CPU.Build.0 = Debug|Any CPU
		{319DDC94-1704-42B5-8E8E-0CD3A2BA2DD0}.Release|Any CPU.ActiveCfg = Release|Any CPU
		{319DDC94-1704-42B5-8E8E-0CD3A2BA2DD0}.Release|Any CPU.Build.0 = Release|Any CPU
		{487BBC95-D4C2-4E27-8CA1-813E00677B8D}.Debug|Any CPU.ActiveCfg = Debug|Any CPU
		{487BBC95-D4C2-4E27-8CA1-813E00677B8D}.Debug|Any CPU.Build.0 = Debug|Any CPU
		{487BBC95-D4C2-4E27-8CA1-813E00677B8D}.Release|Any CPU.ActiveCfg = Release|Any CPU
		{487BBC95-D4C2-4E27-8CA1-813E00677B8D}.Release|Any CPU.Build.0 = Release|Any CPU
	EndGlobalSection
	GlobalSection(SolutionProperties) = preSolution
		HideSolutionNode = FALSE
	EndGlobalSection
EndGlobal
